
Microsoft Visual Studio Solution File, Format Version 12.00
# Visual Studio 2013
VisualStudioVersion = 12.0.40629.0
MinimumVisualStudioVersion = 10.0.40219.1
Project("{F184B08F-C81C-45F6-A57F-5ABD9991F28F}") = "Display Driver Uninstaller", "WindowsApplication1\Display Driver Uninstaller.vbproj", "{F1FA2D6F-4667-409B-9AA7-A8483F82A75B}"
EndProject
Global
	GlobalSection(SolutionConfigurationPlatforms) = preSolution
		Debug|Any CPU = Debug|Any CPU
		Debug|x64 = Debug|x64
		Debug|x86 = Debug|x86
		Release|Any CPU = Release|Any CPU
		Release|x64 = Release|x64
		Release|x86 = Release|x86
		x64|Any CPU = x64|Any CPU
		x64|x64 = x64|x64
		x64|x86 = x64|x86
		x64rel|Any CPU = x64rel|Any CPU
		x64rel|x64 = x64rel|x64
		x64rel|x86 = x64rel|x86
		x86rel|Any CPU = x86rel|Any CPU
		x86rel|x64 = x86rel|x64
		x86rel|x86 = x86rel|x86
	EndGlobalSection
	GlobalSection(ProjectConfigurationPlatforms) = postSolution
		{F1FA2D6F-4667-409B-9AA7-A8483F82A75B}.Debug|Any CPU.ActiveCfg = Debug|Any CPU
		{F1FA2D6F-4667-409B-9AA7-A8483F82A75B}.Debug|Any CPU.Build.0 = Debug|Any CPU
		{F1FA2D6F-4667-409B-9AA7-A8483F82A75B}.Debug|x64.ActiveCfg = Debug|Any CPU
		{F1FA2D6F-4667-409B-9AA7-A8483F82A75B}.Debug|x64.Build.0 = Debug|Any CPU
		{F1FA2D6F-4667-409B-9AA7-A8483F82A75B}.Debug|x86.ActiveCfg = Debug|Any CPU
		{F1FA2D6F-4667-409B-9AA7-A8483F82A75B}.Debug|x86.Build.0 = Debug|Any CPU
		{F1FA2D6F-4667-409B-9AA7-A8483F82A75B}.Release|Any CPU.ActiveCfg = Release|Any CPU
		{F1FA2D6F-4667-409B-9AA7-A8483F82A75B}.Release|Any CPU.Build.0 = Release|Any CPU
		{F1FA2D6F-4667-409B-9AA7-A8483F82A75B}.Release|x64.ActiveCfg = Release|Any CPU
		{F1FA2D6F-4667-409B-9AA7-A8483F82A75B}.Release|x64.Build.0 = Release|Any CPU
		{F1FA2D6F-4667-409B-9AA7-A8483F82A75B}.Release|x86.ActiveCfg = Release|Any CPU
		{F1FA2D6F-4667-409B-9AA7-A8483F82A75B}.Release|x86.Build.0 = Release|Any CPU
		{F1FA2D6F-4667-409B-9AA7-A8483F82A75B}.x64|Any CPU.ActiveCfg = Release|Any CPU
		{F1FA2D6F-4667-409B-9AA7-A8483F82A75B}.x64|Any CPU.Build.0 = Release|Any CPU
		{F1FA2D6F-4667-409B-9AA7-A8483F82A75B}.x64|x64.ActiveCfg = Release|Any CPU
		{F1FA2D6F-4667-409B-9AA7-A8483F82A75B}.x64|x64.Build.0 = Release|Any CPU
		{F1FA2D6F-4667-409B-9AA7-A8483F82A75B}.x64|x86.ActiveCfg = Release|Any CPU
		{F1FA2D6F-4667-409B-9AA7-A8483F82A75B}.x64|x86.Build.0 = Release|Any CPU
		{F1FA2D6F-4667-409B-9AA7-A8483F82A75B}.x64rel|Any CPU.ActiveCfg = Release|Any CPU
		{F1FA2D6F-4667-409B-9AA7-A8483F82A75B}.x64rel|Any CPU.Build.0 = Release|Any CPU
		{F1FA2D6F-4667-409B-9AA7-A8483F82A75B}.x64rel|x64.ActiveCfg = Release|Any CPU
		{F1FA2D6F-4667-409B-9AA7-A8483F82A75B}.x64rel|x64.Build.0 = Release|Any CPU
		{F1FA2D6F-4667-409B-9AA7-A8483F82A75B}.x64rel|x86.ActiveCfg = Release|Any CPU
		{F1FA2D6F-4667-409B-9AA7-A8483F82A75B}.x64rel|x86.Build.0 = Release|Any CPU
		{F1FA2D6F-4667-409B-9AA7-A8483F82A75B}.x86rel|Any CPU.ActiveCfg = Release|Any CPU
		{F1FA2D6F-4667-409B-9AA7-A8483F82A75B}.x86rel|Any CPU.Build.0 = Release|Any CPU
		{F1FA2D6F-4667-409B-9AA7-A8483F82A75B}.x86rel|x64.ActiveCfg = Release|Any CPU
		{F1FA2D6F-4667-409B-9AA7-A8483F82A75B}.x86rel|x64.Build.0 = Release|Any CPU
		{F1FA2D6F-4667-409B-9AA7-A8483F82A75B}.x86rel|x86.ActiveCfg = Release|Any CPU
		{F1FA2D6F-4667-409B-9AA7-A8483F82A75B}.x86rel|x86.Build.0 = Release|Any CPU
	EndGlobalSection
	GlobalSection(SolutionProperties) = preSolution
		HideSolutionNode = FALSE
	EndGlobalSection
EndGlobal
