
Microsoft Visual Studio Solution File, Format Version 12.00
# Visual Studio Version 17
VisualStudioVersion = 17.7.34009.444
MinimumVisualStudioVersion = 10.0.40219.1
Project("{F184B08F-C81C-45F6-A57F-5ABD9991F28F}") = "Display Driver Uninstaller", "Display Driver Uninstaller\Display Driver Uninstaller.vbproj", "{C2CAA02A-13BD-4131-AA5F-4EF80F0C16B2}"
EndProject
Global
	GlobalSection(SolutionConfigurationPlatforms) = preSolution
		Debug|Any CPU = Debug|Any CPU
		Release|Any CPU = Release|Any CPU
	EndGlobalSection
	GlobalSection(ProjectConfigurationPlatforms) = postSolution
		{C2CAA02A-13BD-4131-AA5F-4EF80F0C16B2}.Debug|Any CPU.ActiveCfg = Debug|Any CPU
		{C2CAA02A-13BD-4131-AA5F-4EF80F0C16B2}.Debug|Any CPU.Build.0 = Debug|Any CPU
		{C2CAA02A-13BD-4131-AA5F-4EF80F0C16B2}.Release|Any CPU.ActiveCfg = Release|Any CPU
		{C2CAA02A-13BD-4131-AA5F-4EF80F0C16B2}.Release|Any CPU.Build.0 = Release|Any CPU
	EndGlobalSection
	GlobalSection(SolutionProperties) = preSolution
		HideSolutionNode = FALSE
	EndGlobalSection
	GlobalSection(ExtensibilityGlobals) = postSolution
		SolutionGuid = {41D48BBF-F679-4C95-BA64-1FF1F84CC128}
	EndGlobalSection
EndGlobal
