
Microsoft Visual Studio Solution File, Format Version 12.00
# Visual Studio 2012
Project("{F184B08F-C81C-45F6-A57F-5ABD9991F28F}") = "Nvidia Driver Uninstaller", "WindowsApplication1\Nvidia Driver Uninstaller.vbproj", "{F1FA2D6F-4667-409B-9AA7-A8483F82A75B}"
EndProject
Global
	GlobalSection(SolutionConfigurationPlatforms) = preSolution
		Debug|Any CPU = Debug|Any CPU
		Release|Any CPU = Release|Any CPU
	EndGlobalSection
	GlobalSection(ProjectConfigurationPlatforms) = postSolution
		{F1FA2D6F-4667-409B-9AA7-A8483F82A75B}.Debug|Any CPU.ActiveCfg = Debug|Any CPU
		{F1FA2D6F-4667-409B-9AA7-A8483F82A75B}.Debug|Any CPU.Build.0 = Debug|Any CPU
		{F1FA2D6F-4667-409B-9AA7-A8483F82A75B}.Release|Any CPU.ActiveCfg = Release|Any CPU
		{F1FA2D6F-4667-409B-9AA7-A8483F82A75B}.Release|Any CPU.Build.0 = Release|Any CPU
	EndGlobalSection
	GlobalSection(SolutionProperties) = preSolution
		HideSolutionNode = FALSE
	EndGlobalSection
EndGlobal
